
Microsoft Visual Studio Solution File, Format Version 12.00
# Visual Studio Version 16
VisualStudioVersion = 16.0.30114.105
MinimumVisualStudioVersion = 10.0.40219.1
Project("{2150E333-8FDC-42A3-9474-1A3956D46DE8}") = "src", "src", "{AF634B04-6BF1-440E-8EA7-A43F7A2BA871}"
EndProject
Project("{FAE04EC0-301F-11D3-BF4B-00C04F79EFBC}") = "AlgorithmsCSharp", "src\AlgorithmsCSharp\AlgorithmsCSharp.csproj", "{6C782CBA-9186-4EC5-98DB-5D1811B2C40E}"
EndProject
Project("{2150E333-8FDC-42A3-9474-1A3956D46DE8}") = "tests", "tests", "{588CDF7C-2737-452C-8BBD-B230FBA2F158}"
EndProject
Project("{FAE04EC0-301F-11D3-BF4B-00C04F79EFBC}") = "AlgorithmsCSharpTests", "tests\AlgorithmsCSharpTests\AlgorithmsCSharpTests.csproj", "{63423B08-AD45-40D5-8B12-950B8B816432}"
EndProject
Global
	GlobalSection(SolutionConfigurationPlatforms) = preSolution
		Debug|Any CPU = Debug|Any CPU
		Debug|x64 = Debug|x64
		Debug|x86 = Debug|x86
		Release|Any CPU = Release|Any CPU
		Release|x64 = Release|x64
		Release|x86 = Release|x86
	EndGlobalSection
	GlobalSection(SolutionProperties) = preSolution
		HideSolutionNode = FALSE
	EndGlobalSection
	GlobalSection(ProjectConfigurationPlatforms) = postSolution
		{6C782CBA-9186-4EC5-98DB-5D1811B2C40E}.Debug|Any CPU.ActiveCfg = Debug|Any CPU
		{6C782CBA-9186-4EC5-98DB-5D1811B2C40E}.Debug|Any CPU.Build.0 = Debug|Any CPU
		{6C782CBA-9186-4EC5-98DB-5D1811B2C40E}.Debug|x64.ActiveCfg = Debug|Any CPU
		{6C782CBA-9186-4EC5-98DB-5D1811B2C40E}.Debug|x64.Build.0 = Debug|Any CPU
		{6C782CBA-9186-4EC5-98DB-5D1811B2C40E}.Debug|x86.ActiveCfg = Debug|Any CPU
		{6C782CBA-9186-4EC5-98DB-5D1811B2C40E}.Debug|x86.Build.0 = Debug|Any CPU
		{6C782CBA-9186-4EC5-98DB-5D1811B2C40E}.Release|Any CPU.ActiveCfg = Release|Any CPU
		{6C782CBA-9186-4EC5-98DB-5D1811B2C40E}.Release|Any CPU.Build.0 = Release|Any CPU
		{6C782CBA-9186-4EC5-98DB-5D1811B2C40E}.Release|x64.ActiveCfg = Release|Any CPU
		{6C782CBA-9186-4EC5-98DB-5D1811B2C40E}.Release|x64.Build.0 = Release|Any CPU
		{6C782CBA-9186-4EC5-98DB-5D1811B2C40E}.Release|x86.ActiveCfg = Release|Any CPU
		{6C782CBA-9186-4EC5-98DB-5D1811B2C40E}.Release|x86.Build.0 = Release|Any CPU
		{63423B08-AD45-40D5-8B12-950B8B816432}.Debug|Any CPU.ActiveCfg = Debug|Any CPU
		{63423B08-AD45-40D5-8B12-950B8B816432}.Debug|Any CPU.Build.0 = Debug|Any CPU
		{63423B08-AD45-40D5-8B12-950B8B816432}.Debug|x64.ActiveCfg = Debug|Any CPU
		{63423B08-AD45-40D5-8B12-950B8B816432}.Debug|x64.Build.0 = Debug|Any CPU
		{63423B08-AD45-40D5-8B12-950B8B816432}.Debug|x86.ActiveCfg = Debug|Any CPU
		{63423B08-AD45-40D5-8B12-950B8B816432}.Debug|x86.Build.0 = Debug|Any CPU
		{63423B08-AD45-40D5-8B12-950B8B816432}.Release|Any CPU.ActiveCfg = Release|Any CPU
		{63423B08-AD45-40D5-8B12-950B8B816432}.Release|Any CPU.Build.0 = Release|Any CPU
		{63423B08-AD45-40D5-8B12-950B8B816432}.Release|x64.ActiveCfg = Release|Any CPU
		{63423B08-AD45-40D5-8B12-950B8B816432}.Release|x64.Build.0 = Release|Any CPU
		{63423B08-AD45-40D5-8B12-950B8B816432}.Release|x86.ActiveCfg = Release|Any CPU
		{63423B08-AD45-40D5-8B12-950B8B816432}.Release|x86.Build.0 = Release|Any CPU
	EndGlobalSection
	GlobalSection(NestedProjects) = preSolution
		{6C782CBA-9186-4EC5-98DB-5D1811B2C40E} = {AF634B04-6BF1-440E-8EA7-A43F7A2BA871}
		{63423B08-AD45-40D5-8B12-950B8B816432} = {588CDF7C-2737-452C-8BBD-B230FBA2F158}
	EndGlobalSection
EndGlobal
